
Microsoft Visual Studio Solution File, Format Version 12.00
# Visual Studio Version 17
VisualStudioVersion = 17.10.35013.160
MinimumVisualStudioVersion = 10.0.40219.1
Project("{9A19103F-16F7-4668-BE54-9A1E7A4F7556}") = "MyTodoList.App", "MyTodoList\MyTodoList.App.csproj", "{EB9DB802-4215-4234-AD30-8F0994B8EC6F}"
EndProject
Project("{9A19103F-16F7-4668-BE54-9A1E7A4F7556}") = "Todo.Data", "Todo.Data\Todo.Data.csproj", "{55744390-EF3E-46D1-9190-05D282503C7C}"
EndProject
Project("{9A19103F-16F7-4668-BE54-9A1E7A4F7556}") = "Todo.Domain", "Todo.Domain\Todo.Domain.csproj", "{E0E48A9C-7A89-4275-8561-C56F3D9054B5}"
EndProject
Project("{FAE04EC0-301F-11D3-BF4B-00C04F79EFBC}") = "WebManagement", "WebManagement\WebManagement.csproj", "{713BC0C7-BDCD-4EFB-AC7D-1245E3FCDC2E}"
EndProject
Global
	GlobalSection(SolutionConfigurationPlatforms) = preSolution
		Debug|Any CPU = Debug|Any CPU
		Release|Any CPU = Release|Any CPU
	EndGlobalSection
	GlobalSection(ProjectConfigurationPlatforms) = postSolution
		{EB9DB802-4215-4234-AD30-8F0994B8EC6F}.Debug|Any CPU.ActiveCfg = Debug|Any CPU
		{EB9DB802-4215-4234-AD30-8F0994B8EC6F}.Debug|Any CPU.Build.0 = Debug|Any CPU
		{EB9DB802-4215-4234-AD30-8F0994B8EC6F}.Release|Any CPU.ActiveCfg = Release|Any CPU
		{EB9DB802-4215-4234-AD30-8F0994B8EC6F}.Release|Any CPU.Build.0 = Release|Any CPU
		{55744390-EF3E-46D1-9190-05D282503C7C}.Debug|Any CPU.ActiveCfg = Debug|Any CPU
		{55744390-EF3E-46D1-9190-05D282503C7C}.Debug|Any CPU.Build.0 = Debug|Any CPU
		{55744390-EF3E-46D1-9190-05D282503C7C}.Release|Any CPU.ActiveCfg = Release|Any CPU
		{55744390-EF3E-46D1-9190-05D282503C7C}.Release|Any CPU.Build.0 = Release|Any CPU
		{E0E48A9C-7A89-4275-8561-C56F3D9054B5}.Debug|Any CPU.ActiveCfg = Debug|Any CPU
		{E0E48A9C-7A89-4275-8561-C56F3D9054B5}.Debug|Any CPU.Build.0 = Debug|Any CPU
		{E0E48A9C-7A89-4275-8561-C56F3D9054B5}.Release|Any CPU.ActiveCfg = Release|Any CPU
		{E0E48A9C-7A89-4275-8561-C56F3D9054B5}.Release|Any CPU.Build.0 = Release|Any CPU
		{713BC0C7-BDCD-4EFB-AC7D-1245E3FCDC2E}.Debug|Any CPU.ActiveCfg = Debug|Any CPU
		{713BC0C7-BDCD-4EFB-AC7D-1245E3FCDC2E}.Debug|Any CPU.Build.0 = Debug|Any CPU
		{713BC0C7-BDCD-4EFB-AC7D-1245E3FCDC2E}.Release|Any CPU.ActiveCfg = Release|Any CPU
		{713BC0C7-BDCD-4EFB-AC7D-1245E3FCDC2E}.Release|Any CPU.Build.0 = Release|Any CPU
	EndGlobalSection
	GlobalSection(SolutionProperties) = preSolution
		HideSolutionNode = FALSE
	EndGlobalSection
	GlobalSection(ExtensibilityGlobals) = postSolution
		SolutionGuid = {5758CF3B-6F56-4CAE-9860-3C1E42090EBF}
	EndGlobalSection
EndGlobal
